# This file is automatically @generated by Cargo.
# It is not intended for manual editing.
version = 3

[[package]]
name = "exploritron"
version = "0.1.0"
dependencies = [
 "render-api",
 "render-stdout",
]

[[package]]
name = "render-api"
version = "0.1.0"

[[package]]
name = "render-stdout"
version = "0.1.0"
dependencies = [
 "render-api",
]
